
Microsoft Visual Studio Solution File, Format Version 12.00
Project("{FAE04EC0-301F-11D3-BF4B-00C04F79EFBC}") = "DoubleParam", "DoubleParam\DoubleParam.csproj", "{C072697C-D298-41F5-9030-F5EAA2AAAC49}"
EndProject
Project("{FAE04EC0-301F-11D3-BF4B-00C04F79EFBC}") = "DoubleParamTest", "DoubleParamTest\DoubleParamTest.csproj", "{8C96C6FB-C45C-441B-BAED-EA8A9FE84D50}"
EndProject
Global
	GlobalSection(SolutionConfigurationPlatforms) = preSolution
		Debug|Any CPU = Debug|Any CPU
		Release|Any CPU = Release|Any CPU
	EndGlobalSection
	GlobalSection(ProjectConfigurationPlatforms) = postSolution
		{C072697C-D298-41F5-9030-F5EAA2AAAC49}.Debug|Any CPU.ActiveCfg = Debug|Any CPU
		{C072697C-D298-41F5-9030-F5EAA2AAAC49}.Debug|Any CPU.Build.0 = Debug|Any CPU
		{C072697C-D298-41F5-9030-F5EAA2AAAC49}.Release|Any CPU.ActiveCfg = Release|Any CPU
		{C072697C-D298-41F5-9030-F5EAA2AAAC49}.Release|Any CPU.Build.0 = Release|Any CPU
		{8C96C6FB-C45C-441B-BAED-EA8A9FE84D50}.Debug|Any CPU.ActiveCfg = Debug|Any CPU
		{8C96C6FB-C45C-441B-BAED-EA8A9FE84D50}.Debug|Any CPU.Build.0 = Debug|Any CPU
		{8C96C6FB-C45C-441B-BAED-EA8A9FE84D50}.Release|Any CPU.ActiveCfg = Release|Any CPU
		{8C96C6FB-C45C-441B-BAED-EA8A9FE84D50}.Release|Any CPU.Build.0 = Release|Any CPU
	EndGlobalSection
EndGlobal
